// !$*UTF8*$!
{
	archiveVersion = 1;
	classes = {
	};
	objectVersion = 56;
	objects = {

/* Begin PBXBuildFile section */
		AA000001 /* QuillSwiftApp.swift in Sources */ = {isa = PBXBuildFile; fileRef = AA000010 /* QuillSwiftApp.swift */; };
		AA000002 /* ContentView.swift in Sources */ = {isa = PBXBuildFile; fileRef = AA000011 /* ContentView.swift */; };
		AA000003 /* MarkdownDocument.swift in Sources */ = {isa = PBXBuildFile; fileRef = AA000012 /* MarkdownDocument.swift */; };
		AA000004 /* MarkdownRenderer in Frameworks */ = {isa = PBXBuildFile; productRef = AA000050 /* MarkdownRenderer */; };
		AA000005 /* SyntaxHighlighter in Frameworks */ = {isa = PBXBuildFile; productRef = AA000051 /* SyntaxHighlighter */; };
		AA000006 /* PreviewView.swift in Sources */ = {isa = PBXBuildFile; fileRef = AA000015 /* PreviewView.swift */; };
		AA000007 /* PreviewTheme.swift in Sources */ = {isa = PBXBuildFile; fileRef = AA000016 /* PreviewTheme.swift */; };
		AA000008 /* EditorTheme.swift in Sources */ = {isa = PBXBuildFile; fileRef = AA000017 /* EditorTheme.swift */; };
		AA000009 /* MarkdownHighlighter.swift in Sources */ = {isa = PBXBuildFile; fileRef = AA000018 /* MarkdownHighlighter.swift */; };
		AA00000A /* MarkdownTextView.swift in Sources */ = {isa = PBXBuildFile; fileRef = AA000019 /* MarkdownTextView.swift */; };
		AA00000B /* SourceEditorView.swift in Sources */ = {isa = PBXBuildFile; fileRef = AA00001A /* SourceEditorView.swift */; };
		AA00000C /* LineNumberGutter.swift in Sources */ = {isa = PBXBuildFile; fileRef = AA00001B /* LineNumberGutter.swift */; };
		AA00000D /* StatusBarView.swift in Sources */ = {isa = PBXBuildFile; fileRef = AA00001C /* StatusBarView.swift */; };
		AA00002E /* FormattingCommands.swift in Sources */ = {isa = PBXBuildFile; fileRef = AA00001D /* FormattingCommands.swift */; };
		AA00002F /* SmartLists.swift in Sources */ = {isa = PBXBuildFile; fileRef = AA00001E /* SmartLists.swift */; };
		AA000030A /* AutoCompletion.swift in Sources */ = {isa = PBXBuildFile; fileRef = AA00001F /* AutoCompletion.swift */; };
/* End PBXBuildFile section */

/* Begin PBXFileReference section */
		AA000010 /* QuillSwiftApp.swift */ = {isa = PBXFileReference; lastKnownFileType = sourcecode.swift; path = QuillSwiftApp.swift; sourceTree = "<group>"; };
		AA000011 /* ContentView.swift */ = {isa = PBXFileReference; lastKnownFileType = sourcecode.swift; path = ContentView.swift; sourceTree = "<group>"; };
		AA000012 /* MarkdownDocument.swift */ = {isa = PBXFileReference; lastKnownFileType = sourcecode.swift; path = MarkdownDocument.swift; sourceTree = "<group>"; };
		AA000013 /* Info.plist */ = {isa = PBXFileReference; lastKnownFileType = text.plist.xml; path = Info.plist; sourceTree = "<group>"; };
		AA000014 /* QuillSwift.entitlements */ = {isa = PBXFileReference; lastKnownFileType = text.plist.entitlements; path = QuillSwift.entitlements; sourceTree = "<group>"; };
		AA000015 /* PreviewView.swift */ = {isa = PBXFileReference; lastKnownFileType = sourcecode.swift; path = PreviewView.swift; sourceTree = "<group>"; };
		AA000016 /* PreviewTheme.swift */ = {isa = PBXFileReference; lastKnownFileType = sourcecode.swift; path = PreviewTheme.swift; sourceTree = "<group>"; };
		AA000017 /* EditorTheme.swift */ = {isa = PBXFileReference; lastKnownFileType = sourcecode.swift; path = EditorTheme.swift; sourceTree = "<group>"; };
		AA000018 /* MarkdownHighlighter.swift */ = {isa = PBXFileReference; lastKnownFileType = sourcecode.swift; path = MarkdownHighlighter.swift; sourceTree = "<group>"; };
		AA000019 /* MarkdownTextView.swift */ = {isa = PBXFileReference; lastKnownFileType = sourcecode.swift; path = MarkdownTextView.swift; sourceTree = "<group>"; };
		AA00001A /* SourceEditorView.swift */ = {isa = PBXFileReference; lastKnownFileType = sourcecode.swift; path = SourceEditorView.swift; sourceTree = "<group>"; };
		AA00001B /* LineNumberGutter.swift */ = {isa = PBXFileReference; lastKnownFileType = sourcecode.swift; path = LineNumberGutter.swift; sourceTree = "<group>"; };
		AA00001C /* StatusBarView.swift */ = {isa = PBXFileReference; lastKnownFileType = sourcecode.swift; path = StatusBarView.swift; sourceTree = "<group>"; };
		AA00001D /* FormattingCommands.swift */ = {isa = PBXFileReference; lastKnownFileType = sourcecode.swift; path = FormattingCommands.swift; sourceTree = "<group>"; };
		AA00001E /* SmartLists.swift */ = {isa = PBXFileReference; lastKnownFileType = sourcecode.swift; path = SmartLists.swift; sourceTree = "<group>"; };
		AA00001F /* AutoCompletion.swift */ = {isa = PBXFileReference; lastKnownFileType = sourcecode.swift; path = AutoCompletion.swift; sourceTree = "<group>"; };
		AA000020 /* QuillSwift.app */ = {isa = PBXFileReference; explicitFileType = wrapper.application; includeInIndex = 0; path = QuillSwift.app; sourceTree = BUILT_PRODUCTS_DIR; };
/* End PBXFileReference section */

/* Begin PBXFrameworksBuildPhase section */
		AA000030 /* Frameworks */ = {
			isa = PBXFrameworksBuildPhase;
			buildActionMask = 2147483647;
			files = (
				AA000004 /* MarkdownRenderer in Frameworks */,
				AA000005 /* SyntaxHighlighter in Frameworks */,
			);
			runOnlyForDeploymentPostprocessing = 0;
		};
/* End PBXFrameworksBuildPhase section */

/* Begin PBXGroup section */
		AA000040 /* QuillSwiftApp */ = {
			isa = PBXGroup;
			children = (
				AA000010 /* QuillSwiftApp.swift */,
				AA000011 /* ContentView.swift */,
				AA000012 /* MarkdownDocument.swift */,
				AA000044 /* Editor */,
				AA000043 /* Preview */,
				AA000045 /* StatusBar */,
				AA000013 /* Info.plist */,
				AA000014 /* QuillSwift.entitlements */,
			);
			path = QuillSwiftApp;
			sourceTree = "<group>";
		};
		AA000041 /* Products */ = {
			isa = PBXGroup;
			children = (
				AA000020 /* QuillSwift.app */,
			);
			name = Products;
			sourceTree = "<group>";
		};
		AA000042 = {
			isa = PBXGroup;
			children = (
				AA000040 /* QuillSwiftApp */,
				AA000041 /* Products */,
			);
			sourceTree = "<group>";
		};
		AA000043 /* Preview */ = {
			isa = PBXGroup;
			children = (
				AA000015 /* PreviewView.swift */,
				AA000016 /* PreviewTheme.swift */,
			);
			path = Preview;
			sourceTree = "<group>";
		};
		AA000044 /* Editor */ = {
			isa = PBXGroup;
			children = (
				AA00001F /* AutoCompletion.swift */,
				AA000017 /* EditorTheme.swift */,
				AA00001D /* FormattingCommands.swift */,
				AA00001B /* LineNumberGutter.swift */,
				AA000018 /* MarkdownHighlighter.swift */,
				AA000019 /* MarkdownTextView.swift */,
				AA00001E /* SmartLists.swift */,
				AA00001A /* SourceEditorView.swift */,
			);
			path = Editor;
			sourceTree = "<group>";
		};
		AA000045 /* StatusBar */ = {
			isa = PBXGroup;
			children = (
				AA00001C /* StatusBarView.swift */,
			);
			path = StatusBar;
			sourceTree = "<group>";
		};
/* End PBXGroup section */

/* Begin PBXNativeTarget section */
		AA000060 /* QuillSwift */ = {
			isa = PBXNativeTarget;
			buildConfigurationList = AA000070 /* Build configuration list for PBXNativeTarget "QuillSwift" */;
			buildPhases = (
				AA000031 /* Sources */,
				AA000030 /* Frameworks */,
				AA000032 /* Resources */,
			);
			buildRules = (
			);
			dependencies = (
			);
			name = QuillSwift;
			packageProductDependencies = (
				AA000050 /* MarkdownRenderer */,
				AA000051 /* SyntaxHighlighter */,
			);
			productName = QuillSwift;
			productReference = AA000020 /* QuillSwift.app */;
			productType = "com.apple.product-type.application";
		};
/* End PBXNativeTarget section */

/* Begin PBXProject section */
		AA000080 /* Project object */ = {
			isa = PBXProject;
			attributes = {
				BuildIndependentTargetsInParallel = 1;
				LastSwiftUpdateCheck = 1500;
				LastUpgradeCheck = 1500;
				TargetAttributes = {
					AA000060 = {
						CreatedOnToolsVersion = 15.0;
					};
				};
			};
			buildConfigurationList = AA000081 /* Build configuration list for PBXProject "QuillSwift" */;
			compatibilityVersion = "Xcode 14.0";
			developmentRegion = en;
			hasScannedForEncodings = 0;
			knownRegions = (
				en,
				Base,
			);
			mainGroup = AA000042;
			packageReferences = (
				AA000090 /* XCLocalSwiftPackageReference "." */,
			);
			productRefGroup = AA000041 /* Products */;
			projectDirPath = "";
			projectRoot = "";
			targets = (
				AA000060 /* QuillSwift */,
			);
		};
/* End PBXProject section */

/* Begin PBXResourcesBuildPhase section */
		AA000032 /* Resources */ = {
			isa = PBXResourcesBuildPhase;
			buildActionMask = 2147483647;
			files = (
			);
			runOnlyForDeploymentPostprocessing = 0;
		};
/* End PBXResourcesBuildPhase section */

/* Begin PBXSourcesBuildPhase section */
		AA000031 /* Sources */ = {
			isa = PBXSourcesBuildPhase;
			buildActionMask = 2147483647;
			files = (
				AA000001 /* QuillSwiftApp.swift in Sources */,
				AA000002 /* ContentView.swift in Sources */,
				AA000003 /* MarkdownDocument.swift in Sources */,
				AA000006 /* PreviewView.swift in Sources */,
				AA000007 /* PreviewTheme.swift in Sources */,
				AA000008 /* EditorTheme.swift in Sources */,
				AA000009 /* MarkdownHighlighter.swift in Sources */,
				AA00000A /* MarkdownTextView.swift in Sources */,
				AA00000B /* SourceEditorView.swift in Sources */,
				AA00000C /* LineNumberGutter.swift in Sources */,
				AA00000D /* StatusBarView.swift in Sources */,
				AA00002E /* FormattingCommands.swift in Sources */,
				AA00002F /* SmartLists.swift in Sources */,
				AA000030A /* AutoCompletion.swift in Sources */,
			);
			runOnlyForDeploymentPostprocessing = 0;
		};
/* End PBXSourcesBuildPhase section */

/* Begin XCBuildConfiguration section */
		AA000100 /* Debug */ = {
			isa = XCBuildConfiguration;
			buildSettings = {
				ALWAYS_SEARCH_USER_PATHS = NO;
				CLANG_ANALYZER_NONNULL = YES;
				CLANG_CXX_LANGUAGE_STANDARD = "gnu++20";
				CLANG_ENABLE_MODULES = YES;
				CLANG_ENABLE_OBJC_ARC = YES;
				CLANG_ENABLE_OBJC_WEAK = YES;
				CLANG_WARN_BLOCK_CAPTURE_AUTORELEASING = YES;
				CLANG_WARN_BOOL_CONVERSION = YES;
				CLANG_WARN_COMMA = YES;
				CLANG_WARN_CONSTANT_CONVERSION = YES;
				CLANG_WARN_DEPRECATED_OBJC_IMPLEMENTATIONS = YES;
				CLANG_WARN_DIRECT_OBJC_ISA_USAGE = YES_ERROR;
				CLANG_WARN_DOCUMENTATION_COMMENTS = YES;
				CLANG_WARN_EMPTY_BODY = YES;
				CLANG_WARN_ENUM_CONVERSION = YES;
				CLANG_WARN_INFINITE_RECURSION = YES;
				CLANG_WARN_INT_CONVERSION = YES;
				CLANG_WARN_NON_LITERAL_NULL_CONVERSION = YES;
				CLANG_WARN_OBJC_IMPLICIT_RETAIN_SELF = YES;
				CLANG_WARN_OBJC_LITERAL_CONVERSION = YES;
				CLANG_WARN_OBJC_ROOT_CLASS = YES_ERROR;
				CLANG_WARN_QUOTED_INCLUDE_IN_FRAMEWORK_HEADER = YES;
				CLANG_WARN_RANGE_LOOP_ANALYSIS = YES;
				CLANG_WARN_STRICT_PROTOTYPES = YES;
				CLANG_WARN_SUSPICIOUS_MOVE = YES;
				CLANG_WARN_UNGUARDED_AVAILABILITY = YES_AGGRESSIVE;
				CLANG_WARN_UNREACHABLE_CODE = YES;
				CLANG_WARN__DUPLICATE_METHOD_MATCH = YES;
				COPY_PHASE_STRIP = NO;
				DEBUG_INFORMATION_FORMAT = dwarf;
				ENABLE_STRICT_OBJC_MSGSEND = YES;
				ENABLE_TESTABILITY = YES;
				GCC_C_LANGUAGE_STANDARD = gnu17;
				GCC_DYNAMIC_NO_PIC = NO;
				GCC_NO_COMMON_BLOCKS = YES;
				GCC_OPTIMIZATION_LEVEL = 0;
				GCC_PREPROCESSOR_DEFINITIONS = (
					"DEBUG=1",
					"$(inherited)",
				);
				GCC_WARN_64_TO_32_BIT_CONVERSION = YES;
				GCC_WARN_ABOUT_RETURN_TYPE = YES_ERROR;
				GCC_WARN_UNDECLARED_SELECTOR = YES;
				GCC_WARN_UNINITIALIZED_AUTOS = YES_AGGRESSIVE;
				GCC_WARN_UNUSED_FUNCTION = YES;
				GCC_WARN_UNUSED_VARIABLE = YES;
				MACOSX_DEPLOYMENT_TARGET = 13.0;
				MTL_ENABLE_DEBUG_INFO = INCLUDE_SOURCE;
				MTL_FAST_MATH = YES;
				ONLY_ACTIVE_ARCH = YES;
				SDKROOT = macosx;
				SWIFT_ACTIVE_COMPILATION_CONDITIONS = "DEBUG $(inherited)";
				SWIFT_OPTIMIZATION_LEVEL = "-Onone";
			};
			name = Debug;
		};
		AA000101 /* Release */ = {
			isa = XCBuildConfiguration;
			buildSettings = {
				ALWAYS_SEARCH_USER_PATHS = NO;
				CLANG_ANALYZER_NONNULL = YES;
				CLANG_CXX_LANGUAGE_STANDARD = "gnu++20";
				CLANG_ENABLE_MODULES = YES;
				CLANG_ENABLE_OBJC_ARC = YES;
				CLANG_ENABLE_OBJC_WEAK = YES;
				CLANG_WARN_BLOCK_CAPTURE_AUTORELEASING = YES;
				CLANG_WARN_BOOL_CONVERSION = YES;
				CLANG_WARN_COMMA = YES;
				CLANG_WARN_CONSTANT_CONVERSION = YES;
				CLANG_WARN_DEPRECATED_OBJC_IMPLEMENTATIONS = YES;
				CLANG_WARN_DIRECT_OBJC_ISA_USAGE = YES_ERROR;
				CLANG_WARN_DOCUMENTATION_COMMENTS = YES;
				CLANG_WARN_EMPTY_BODY = YES;
				CLANG_WARN_ENUM_CONVERSION = YES;
				CLANG_WARN_INFINITE_RECURSION = YES;
				CLANG_WARN_INT_CONVERSION = YES;
				CLANG_WARN_NON_LITERAL_NULL_CONVERSION = YES;
				CLANG_WARN_OBJC_IMPLICIT_RETAIN_SELF = YES;
				CLANG_WARN_OBJC_LITERAL_CONVERSION = YES;
				CLANG_WARN_OBJC_ROOT_CLASS = YES_ERROR;
				CLANG_WARN_QUOTED_INCLUDE_IN_FRAMEWORK_HEADER = YES;
				CLANG_WARN_RANGE_LOOP_ANALYSIS = YES;
				CLANG_WARN_STRICT_PROTOTYPES = YES;
				CLANG_WARN_SUSPICIOUS_MOVE = YES;
				CLANG_WARN_UNGUARDED_AVAILABILITY = YES_AGGRESSIVE;
				CLANG_WARN_UNREACHABLE_CODE = YES;
				CLANG_WARN__DUPLICATE_METHOD_MATCH = YES;
				COPY_PHASE_STRIP = NO;
				DEBUG_INFORMATION_FORMAT = "dwarf-with-dsym";
				ENABLE_NS_ASSERTIONS = NO;
				ENABLE_STRICT_OBJC_MSGSEND = YES;
				GCC_C_LANGUAGE_STANDARD = gnu17;
				GCC_NO_COMMON_BLOCKS = YES;
				GCC_WARN_64_TO_32_BIT_CONVERSION = YES;
				GCC_WARN_ABOUT_RETURN_TYPE = YES_ERROR;
				GCC_WARN_UNDECLARED_SELECTOR = YES;
				GCC_WARN_UNINITIALIZED_AUTOS = YES_AGGRESSIVE;
				GCC_WARN_UNUSED_FUNCTION = YES;
				GCC_WARN_UNUSED_VARIABLE = YES;
				MACOSX_DEPLOYMENT_TARGET = 13.0;
				MTL_ENABLE_DEBUG_INFO = NO;
				MTL_FAST_MATH = YES;
				SDKROOT = macosx;
				SWIFT_COMPILATION_MODE = wholemodule;
			};
			name = Release;
		};
		AA000102 /* Debug */ = {
			isa = XCBuildConfiguration;
			buildSettings = {
				ASSETCATALOG_COMPILER_APPICON_NAME = AppIcon;
				CODE_SIGN_ENTITLEMENTS = QuillSwiftApp/QuillSwift.entitlements;
				CODE_SIGN_STYLE = Automatic;
				COMBINE_HIDPI_IMAGES = YES;
				CURRENT_PROJECT_VERSION = 1;
				DEVELOPMENT_TEAM = "";
				ENABLE_HARDENED_RUNTIME = YES;
				GENERATE_INFOPLIST_FILE = NO;
				INFOPLIST_FILE = QuillSwiftApp/Info.plist;
				LD_RUNPATH_SEARCH_PATHS = (
					"$(inherited)",
					"@executable_path/../Frameworks",
				);
				MARKETING_VERSION = 0.1.0;
				PRODUCT_BUNDLE_IDENTIFIER = com.quillswift.app;
				PRODUCT_NAME = "$(TARGET_NAME)";
				SWIFT_EMIT_LOC_STRINGS = YES;
				SWIFT_VERSION = 5.0;
			};
			name = Debug;
		};
		AA000103 /* Release */ = {
			isa = XCBuildConfiguration;
			buildSettings = {
				ASSETCATALOG_COMPILER_APPICON_NAME = AppIcon;
				CODE_SIGN_ENTITLEMENTS = QuillSwiftApp/QuillSwift.entitlements;
				CODE_SIGN_STYLE = Automatic;
				COMBINE_HIDPI_IMAGES = YES;
				CURRENT_PROJECT_VERSION = 1;
				DEVELOPMENT_TEAM = "";
				ENABLE_HARDENED_RUNTIME = YES;
				GENERATE_INFOPLIST_FILE = NO;
				INFOPLIST_FILE = QuillSwiftApp/Info.plist;
				LD_RUNPATH_SEARCH_PATHS = (
					"$(inherited)",
					"@executable_path/../Frameworks",
				);
				MARKETING_VERSION = 0.1.0;
				PRODUCT_BUNDLE_IDENTIFIER = com.quillswift.app;
				PRODUCT_NAME = "$(TARGET_NAME)";
				SWIFT_EMIT_LOC_STRINGS = YES;
				SWIFT_VERSION = 5.0;
			};
			name = Release;
		};
/* End XCBuildConfiguration section */

/* Begin XCConfigurationList section */
		AA000070 /* Build configuration list for PBXNativeTarget "QuillSwift" */ = {
			isa = XCConfigurationList;
			buildConfigurations = (
				AA000102 /* Debug */,
				AA000103 /* Release */,
			);
			defaultConfigurationIsVisible = 0;
			defaultConfigurationName = Release;
		};
		AA000081 /* Build configuration list for PBXProject "QuillSwift" */ = {
			isa = XCConfigurationList;
			buildConfigurations = (
				AA000100 /* Debug */,
				AA000101 /* Release */,
			);
			defaultConfigurationIsVisible = 0;
			defaultConfigurationName = Release;
		};
/* End XCConfigurationList section */

/* Begin XCLocalSwiftPackageReference section */
		AA000090 /* XCLocalSwiftPackageReference "." */ = {
			isa = XCLocalSwiftPackageReference;
			relativePath = .;
		};
/* End XCLocalSwiftPackageReference section */

/* Begin XCSwiftPackageProductDependency section */
		AA000050 /* MarkdownRenderer */ = {
			isa = XCSwiftPackageProductDependency;
			productName = MarkdownRenderer;
		};
		AA000051 /* SyntaxHighlighter */ = {
			isa = XCSwiftPackageProductDependency;
			productName = SyntaxHighlighter;
		};
/* End XCSwiftPackageProductDependency section */
	};
	rootObject = AA000080 /* Project object */;
}
